
Microsoft Visual Studio Solution File, Format Version 12.00
# Visual Studio Version 16
VisualStudioVersion = 16.0.29411.108
MinimumVisualStudioVersion = 10.0.40219.1
Project("{FAE04EC0-301F-11D3-BF4B-00C04F79EFBC}") = "Praktika 3.1", "Praktika 3.1\Praktika 3.1.csproj", "{207F9FE7-9DEB-430F-B140-725A601801B8}"
EndProject
Global
	GlobalSection(SolutionConfigurationPlatforms) = preSolution
		Debug|Any CPU = Debug|Any CPU
		Release|Any CPU = Release|Any CPU
	EndGlobalSection
	GlobalSection(ProjectConfigurationPlatforms) = postSolution
		{207F9FE7-9DEB-430F-B140-725A601801B8}.Debug|Any CPU.ActiveCfg = Debug|Any CPU
		{207F9FE7-9DEB-430F-B140-725A601801B8}.Debug|Any CPU.Build.0 = Debug|Any CPU
		{207F9FE7-9DEB-430F-B140-725A601801B8}.Release|Any CPU.ActiveCfg = Release|Any CPU
		{207F9FE7-9DEB-430F-B140-725A601801B8}.Release|Any CPU.Build.0 = Release|Any CPU
	EndGlobalSection
	GlobalSection(SolutionProperties) = preSolution
		HideSolutionNode = FALSE
	EndGlobalSection
	GlobalSection(ExtensibilityGlobals) = postSolution
		SolutionGuid = {81DA9D81-F865-4326-93E2-6139A157F766}
	EndGlobalSection
EndGlobal
